
Microsoft Visual Studio Solution File, Format Version 12.00
# Visual Studio Version 17
VisualStudioVersion = 17.4.33110.190
MinimumVisualStudioVersion = 10.0.40219.1
Project("{FAE04EC0-301F-11D3-BF4B-00C04F79EFBC}") = "Belong.SlackAPIs", "Belong.SlackAPIs\Belong.SlackAPIs.csproj", "{2FF228EC-DE81-4E7F-83F1-FB3F21C5ADE4}"
EndProject
Global
	GlobalSection(SolutionConfigurationPlatforms) = preSolution
		Debug|Any CPU = Debug|Any CPU
		Release|Any CPU = Release|Any CPU
	EndGlobalSection
	GlobalSection(ProjectConfigurationPlatforms) = postSolution
		{2FF228EC-DE81-4E7F-83F1-FB3F21C5ADE4}.Debug|Any CPU.ActiveCfg = Debug|Any CPU
		{2FF228EC-DE81-4E7F-83F1-FB3F21C5ADE4}.Debug|Any CPU.Build.0 = Debug|Any CPU
		{2FF228EC-DE81-4E7F-83F1-FB3F21C5ADE4}.Release|Any CPU.ActiveCfg = Release|Any CPU
		{2FF228EC-DE81-4E7F-83F1-FB3F21C5ADE4}.Release|Any CPU.Build.0 = Release|Any CPU
	EndGlobalSection
	GlobalSection(SolutionProperties) = preSolution
		HideSolutionNode = FALSE
	EndGlobalSection
	GlobalSection(ExtensibilityGlobals) = postSolution
		SolutionGuid = {D43A7907-A310-4986-8BF6-F737B31A3DE6}
	EndGlobalSection
EndGlobal
